
Microsoft Visual Studio Solution File, Format Version 12.00
# Visual Studio 14
VisualStudioVersion = 14.0.23107.0
MinimumVisualStudioVersion = 10.0.40219.1
Project("{FAE04EC0-301F-11D3-BF4B-00C04F79EFBC}") = "RTMClient", "RTMClient\RTMClient.csproj", "{84084707-B29C-46FE-9C36-900D6B6CAFC2}"
EndProject
Project("{2150E333-8FDC-42A3-9474-1A3956D46DE8}") = "Shell", "Shell", "{CD03EC3E-0DF1-4A73-BD08-13FAA7D738EC}"
EndProject
Project("{2150E333-8FDC-42A3-9474-1A3956D46DE8}") = "Module", "Module", "{22A625C2-A9A6-4023-BC2B-F5BF1148CDB2}"
EndProject
Project("{2150E333-8FDC-42A3-9474-1A3956D46DE8}") = "Camera", "Camera", "{A414D4DD-C37A-4B03-9E46-254948285B49}"
EndProject
Project("{FAE04EC0-301F-11D3-BF4B-00C04F79EFBC}") = "RTMClient.Module", "RTMClient.Module\RTMClient.Module.csproj", "{9746F648-DB44-4B44-A501-D4C5FD6B33AB}"
EndProject
Project("{FAE04EC0-301F-11D3-BF4B-00C04F79EFBC}") = "RTMClient.Camera.Device", "RTMClient.Camera.Device\RTMClient.Camera.Device.csproj", "{9E5DE9E2-52B4-463A-9ECE-5E4B03C993AA}"
EndProject
Project("{FAE04EC0-301F-11D3-BF4B-00C04F79EFBC}") = "RTMClient.Camera.Encoder", "RTMClient.Camera.Encoder\RTMClient.Camera.Encoder.csproj", "{F7635F32-1DAE-4455-A858-66D5C921A9FA}"
EndProject
Project("{FAE04EC0-301F-11D3-BF4B-00C04F79EFBC}") = "RTMClient.Camera.Module", "RTMClient.Camera.Module\RTMClient.Camera.Module.csproj", "{6959290C-FFC7-4FE3-A6AD-D1A99736A23B}"
EndProject
Project("{FAE04EC0-301F-11D3-BF4B-00C04F79EFBC}") = "RTMClient.Camera.StreamingService", "RTMClient.Camera.StreamingService\RTMClient.Camera.StreamingService.csproj", "{15C048DC-D9B6-4DAB-BEBD-2CC40938C77C}"
EndProject
Project("{FAE04EC0-301F-11D3-BF4B-00C04F79EFBC}") = "RTMClient.Camera.WebClient", "RTMClient.Camera.WebClient\RTMClient.Camera.WebClient.csproj", "{F6B35951-F15D-4D38-9C5E-905C67A1461D}"
EndProject
Project("{FAE04EC0-301F-11D3-BF4B-00C04F79EFBC}") = "RTMClient.Camera.Module.Configuration", "RTMClient.Camera.Module.Configuration\RTMClient.Camera.Module.Configuration.csproj", "{156D6B38-E40D-4CEA-B49B-A2B999442FE2}"
EndProject
Project("{FAE04EC0-301F-11D3-BF4B-00C04F79EFBC}") = "RTMClient.Navigation", "RTMClient.Navigation\RTMClient.Navigation.csproj", "{25C85156-1103-42B6-B109-801A906F3A70}"
EndProject
Project("{FAE04EC0-301F-11D3-BF4B-00C04F79EFBC}") = "RTMClient.Register", "RTMClient.Register\RTMClient.Register.csproj", "{019D0294-7F25-4FA6-8AC9-2789C76AA140}"
EndProject
Global
	GlobalSection(SolutionConfigurationPlatforms) = preSolution
		Debug|Any CPU = Debug|Any CPU
		Debug|ARM = Debug|ARM
		Debug|x64 = Debug|x64
		Debug|x86 = Debug|x86
		Release|Any CPU = Release|Any CPU
		Release|ARM = Release|ARM
		Release|x64 = Release|x64
		Release|x86 = Release|x86
	EndGlobalSection
	GlobalSection(ProjectConfigurationPlatforms) = postSolution
		{84084707-B29C-46FE-9C36-900D6B6CAFC2}.Debug|Any CPU.ActiveCfg = Debug|x86
		{84084707-B29C-46FE-9C36-900D6B6CAFC2}.Debug|ARM.ActiveCfg = Debug|ARM
		{84084707-B29C-46FE-9C36-900D6B6CAFC2}.Debug|ARM.Build.0 = Debug|ARM
		{84084707-B29C-46FE-9C36-900D6B6CAFC2}.Debug|ARM.Deploy.0 = Debug|ARM
		{84084707-B29C-46FE-9C36-900D6B6CAFC2}.Debug|x64.ActiveCfg = Debug|x64
		{84084707-B29C-46FE-9C36-900D6B6CAFC2}.Debug|x64.Build.0 = Debug|x64
		{84084707-B29C-46FE-9C36-900D6B6CAFC2}.Debug|x64.Deploy.0 = Debug|x64
		{84084707-B29C-46FE-9C36-900D6B6CAFC2}.Debug|x86.ActiveCfg = Debug|x86
		{84084707-B29C-46FE-9C36-900D6B6CAFC2}.Debug|x86.Build.0 = Debug|x86
		{84084707-B29C-46FE-9C36-900D6B6CAFC2}.Debug|x86.Deploy.0 = Debug|x86
		{84084707-B29C-46FE-9C36-900D6B6CAFC2}.Release|Any CPU.ActiveCfg = Release|x86
		{84084707-B29C-46FE-9C36-900D6B6CAFC2}.Release|ARM.ActiveCfg = Release|ARM
		{84084707-B29C-46FE-9C36-900D6B6CAFC2}.Release|ARM.Build.0 = Release|ARM
		{84084707-B29C-46FE-9C36-900D6B6CAFC2}.Release|ARM.Deploy.0 = Release|ARM
		{84084707-B29C-46FE-9C36-900D6B6CAFC2}.Release|x64.ActiveCfg = Release|x64
		{84084707-B29C-46FE-9C36-900D6B6CAFC2}.Release|x64.Build.0 = Release|x64
		{84084707-B29C-46FE-9C36-900D6B6CAFC2}.Release|x64.Deploy.0 = Release|x64
		{84084707-B29C-46FE-9C36-900D6B6CAFC2}.Release|x86.ActiveCfg = Release|x86
		{84084707-B29C-46FE-9C36-900D6B6CAFC2}.Release|x86.Build.0 = Release|x86
		{84084707-B29C-46FE-9C36-900D6B6CAFC2}.Release|x86.Deploy.0 = Release|x86
		{9746F648-DB44-4B44-A501-D4C5FD6B33AB}.Debug|Any CPU.ActiveCfg = Debug|Any CPU
		{9746F648-DB44-4B44-A501-D4C5FD6B33AB}.Debug|Any CPU.Build.0 = Debug|Any CPU
		{9746F648-DB44-4B44-A501-D4C5FD6B33AB}.Debug|ARM.ActiveCfg = Debug|ARM
		{9746F648-DB44-4B44-A501-D4C5FD6B33AB}.Debug|ARM.Build.0 = Debug|ARM
		{9746F648-DB44-4B44-A501-D4C5FD6B33AB}.Debug|x64.ActiveCfg = Debug|x64
		{9746F648-DB44-4B44-A501-D4C5FD6B33AB}.Debug|x64.Build.0 = Debug|x64
		{9746F648-DB44-4B44-A501-D4C5FD6B33AB}.Debug|x86.ActiveCfg = Debug|x86
		{9746F648-DB44-4B44-A501-D4C5FD6B33AB}.Debug|x86.Build.0 = Debug|x86
		{9746F648-DB44-4B44-A501-D4C5FD6B33AB}.Release|Any CPU.ActiveCfg = Release|Any CPU
		{9746F648-DB44-4B44-A501-D4C5FD6B33AB}.Release|Any CPU.Build.0 = Release|Any CPU
		{9746F648-DB44-4B44-A501-D4C5FD6B33AB}.Release|ARM.ActiveCfg = Release|ARM
		{9746F648-DB44-4B44-A501-D4C5FD6B33AB}.Release|ARM.Build.0 = Release|ARM
		{9746F648-DB44-4B44-A501-D4C5FD6B33AB}.Release|x64.ActiveCfg = Release|x64
		{9746F648-DB44-4B44-A501-D4C5FD6B33AB}.Release|x64.Build.0 = Release|x64
		{9746F648-DB44-4B44-A501-D4C5FD6B33AB}.Release|x86.ActiveCfg = Release|x86
		{9746F648-DB44-4B44-A501-D4C5FD6B33AB}.Release|x86.Build.0 = Release|x86
		{9E5DE9E2-52B4-463A-9ECE-5E4B03C993AA}.Debug|Any CPU.ActiveCfg = Debug|Any CPU
		{9E5DE9E2-52B4-463A-9ECE-5E4B03C993AA}.Debug|Any CPU.Build.0 = Debug|Any CPU
		{9E5DE9E2-52B4-463A-9ECE-5E4B03C993AA}.Debug|ARM.ActiveCfg = Debug|ARM
		{9E5DE9E2-52B4-463A-9ECE-5E4B03C993AA}.Debug|ARM.Build.0 = Debug|ARM
		{9E5DE9E2-52B4-463A-9ECE-5E4B03C993AA}.Debug|x64.ActiveCfg = Debug|x64
		{9E5DE9E2-52B4-463A-9ECE-5E4B03C993AA}.Debug|x64.Build.0 = Debug|x64
		{9E5DE9E2-52B4-463A-9ECE-5E4B03C993AA}.Debug|x86.ActiveCfg = Debug|x86
		{9E5DE9E2-52B4-463A-9ECE-5E4B03C993AA}.Debug|x86.Build.0 = Debug|x86
		{9E5DE9E2-52B4-463A-9ECE-5E4B03C993AA}.Release|Any CPU.ActiveCfg = Release|Any CPU
		{9E5DE9E2-52B4-463A-9ECE-5E4B03C993AA}.Release|Any CPU.Build.0 = Release|Any CPU
		{9E5DE9E2-52B4-463A-9ECE-5E4B03C993AA}.Release|ARM.ActiveCfg = Release|ARM
		{9E5DE9E2-52B4-463A-9ECE-5E4B03C993AA}.Release|ARM.Build.0 = Release|ARM
		{9E5DE9E2-52B4-463A-9ECE-5E4B03C993AA}.Release|x64.ActiveCfg = Release|x64
		{9E5DE9E2-52B4-463A-9ECE-5E4B03C993AA}.Release|x64.Build.0 = Release|x64
		{9E5DE9E2-52B4-463A-9ECE-5E4B03C993AA}.Release|x86.ActiveCfg = Release|x86
		{9E5DE9E2-52B4-463A-9ECE-5E4B03C993AA}.Release|x86.Build.0 = Release|x86
		{F7635F32-1DAE-4455-A858-66D5C921A9FA}.Debug|Any CPU.ActiveCfg = Debug|Any CPU
		{F7635F32-1DAE-4455-A858-66D5C921A9FA}.Debug|Any CPU.Build.0 = Debug|Any CPU
		{F7635F32-1DAE-4455-A858-66D5C921A9FA}.Debug|ARM.ActiveCfg = Debug|ARM
		{F7635F32-1DAE-4455-A858-66D5C921A9FA}.Debug|ARM.Build.0 = Debug|ARM
		{F7635F32-1DAE-4455-A858-66D5C921A9FA}.Debug|x64.ActiveCfg = Debug|x64
		{F7635F32-1DAE-4455-A858-66D5C921A9FA}.Debug|x64.Build.0 = Debug|x64
		{F7635F32-1DAE-4455-A858-66D5C921A9FA}.Debug|x86.ActiveCfg = Debug|x86
		{F7635F32-1DAE-4455-A858-66D5C921A9FA}.Debug|x86.Build.0 = Debug|x86
		{F7635F32-1DAE-4455-A858-66D5C921A9FA}.Release|Any CPU.ActiveCfg = Release|Any CPU
		{F7635F32-1DAE-4455-A858-66D5C921A9FA}.Release|Any CPU.Build.0 = Release|Any CPU
		{F7635F32-1DAE-4455-A858-66D5C921A9FA}.Release|ARM.ActiveCfg = Release|ARM
		{F7635F32-1DAE-4455-A858-66D5C921A9FA}.Release|ARM.Build.0 = Release|ARM
		{F7635F32-1DAE-4455-A858-66D5C921A9FA}.Release|x64.ActiveCfg = Release|x64
		{F7635F32-1DAE-4455-A858-66D5C921A9FA}.Release|x64.Build.0 = Release|x64
		{F7635F32-1DAE-4455-A858-66D5C921A9FA}.Release|x86.ActiveCfg = Release|x86
		{F7635F32-1DAE-4455-A858-66D5C921A9FA}.Release|x86.Build.0 = Release|x86
		{6959290C-FFC7-4FE3-A6AD-D1A99736A23B}.Debug|Any CPU.ActiveCfg = Debug|Any CPU
		{6959290C-FFC7-4FE3-A6AD-D1A99736A23B}.Debug|Any CPU.Build.0 = Debug|Any CPU
		{6959290C-FFC7-4FE3-A6AD-D1A99736A23B}.Debug|ARM.ActiveCfg = Debug|ARM
		{6959290C-FFC7-4FE3-A6AD-D1A99736A23B}.Debug|ARM.Build.0 = Debug|ARM
		{6959290C-FFC7-4FE3-A6AD-D1A99736A23B}.Debug|x64.ActiveCfg = Debug|x64
		{6959290C-FFC7-4FE3-A6AD-D1A99736A23B}.Debug|x64.Build.0 = Debug|x64
		{6959290C-FFC7-4FE3-A6AD-D1A99736A23B}.Debug|x86.ActiveCfg = Debug|x86
		{6959290C-FFC7-4FE3-A6AD-D1A99736A23B}.Debug|x86.Build.0 = Debug|x86
		{6959290C-FFC7-4FE3-A6AD-D1A99736A23B}.Release|Any CPU.ActiveCfg = Release|Any CPU
		{6959290C-FFC7-4FE3-A6AD-D1A99736A23B}.Release|Any CPU.Build.0 = Release|Any CPU
		{6959290C-FFC7-4FE3-A6AD-D1A99736A23B}.Release|ARM.ActiveCfg = Release|ARM
		{6959290C-FFC7-4FE3-A6AD-D1A99736A23B}.Release|ARM.Build.0 = Release|ARM
		{6959290C-FFC7-4FE3-A6AD-D1A99736A23B}.Release|x64.ActiveCfg = Release|x64
		{6959290C-FFC7-4FE3-A6AD-D1A99736A23B}.Release|x64.Build.0 = Release|x64
		{6959290C-FFC7-4FE3-A6AD-D1A99736A23B}.Release|x86.ActiveCfg = Release|x86
		{6959290C-FFC7-4FE3-A6AD-D1A99736A23B}.Release|x86.Build.0 = Release|x86
		{15C048DC-D9B6-4DAB-BEBD-2CC40938C77C}.Debug|Any CPU.ActiveCfg = Debug|Any CPU
		{15C048DC-D9B6-4DAB-BEBD-2CC40938C77C}.Debug|Any CPU.Build.0 = Debug|Any CPU
		{15C048DC-D9B6-4DAB-BEBD-2CC40938C77C}.Debug|ARM.ActiveCfg = Debug|ARM
		{15C048DC-D9B6-4DAB-BEBD-2CC40938C77C}.Debug|ARM.Build.0 = Debug|ARM
		{15C048DC-D9B6-4DAB-BEBD-2CC40938C77C}.Debug|x64.ActiveCfg = Debug|x64
		{15C048DC-D9B6-4DAB-BEBD-2CC40938C77C}.Debug|x64.Build.0 = Debug|x64
		{15C048DC-D9B6-4DAB-BEBD-2CC40938C77C}.Debug|x86.ActiveCfg = Debug|x86
		{15C048DC-D9B6-4DAB-BEBD-2CC40938C77C}.Debug|x86.Build.0 = Debug|x86
		{15C048DC-D9B6-4DAB-BEBD-2CC40938C77C}.Release|Any CPU.ActiveCfg = Release|Any CPU
		{15C048DC-D9B6-4DAB-BEBD-2CC40938C77C}.Release|Any CPU.Build.0 = Release|Any CPU
		{15C048DC-D9B6-4DAB-BEBD-2CC40938C77C}.Release|ARM.ActiveCfg = Release|ARM
		{15C048DC-D9B6-4DAB-BEBD-2CC40938C77C}.Release|ARM.Build.0 = Release|ARM
		{15C048DC-D9B6-4DAB-BEBD-2CC40938C77C}.Release|x64.ActiveCfg = Release|x64
		{15C048DC-D9B6-4DAB-BEBD-2CC40938C77C}.Release|x64.Build.0 = Release|x64
		{15C048DC-D9B6-4DAB-BEBD-2CC40938C77C}.Release|x86.ActiveCfg = Release|x86
		{15C048DC-D9B6-4DAB-BEBD-2CC40938C77C}.Release|x86.Build.0 = Release|x86
		{F6B35951-F15D-4D38-9C5E-905C67A1461D}.Debug|Any CPU.ActiveCfg = Debug|Any CPU
		{F6B35951-F15D-4D38-9C5E-905C67A1461D}.Debug|Any CPU.Build.0 = Debug|Any CPU
		{F6B35951-F15D-4D38-9C5E-905C67A1461D}.Debug|ARM.ActiveCfg = Debug|ARM
		{F6B35951-F15D-4D38-9C5E-905C67A1461D}.Debug|ARM.Build.0 = Debug|ARM
		{F6B35951-F15D-4D38-9C5E-905C67A1461D}.Debug|x64.ActiveCfg = Debug|x64
		{F6B35951-F15D-4D38-9C5E-905C67A1461D}.Debug|x64.Build.0 = Debug|x64
		{F6B35951-F15D-4D38-9C5E-905C67A1461D}.Debug|x86.ActiveCfg = Debug|x86
		{F6B35951-F15D-4D38-9C5E-905C67A1461D}.Debug|x86.Build.0 = Debug|x86
		{F6B35951-F15D-4D38-9C5E-905C67A1461D}.Release|Any CPU.ActiveCfg = Release|Any CPU
		{F6B35951-F15D-4D38-9C5E-905C67A1461D}.Release|Any CPU.Build.0 = Release|Any CPU
		{F6B35951-F15D-4D38-9C5E-905C67A1461D}.Release|ARM.ActiveCfg = Release|ARM
		{F6B35951-F15D-4D38-9C5E-905C67A1461D}.Release|ARM.Build.0 = Release|ARM
		{F6B35951-F15D-4D38-9C5E-905C67A1461D}.Release|x64.ActiveCfg = Release|x64
		{F6B35951-F15D-4D38-9C5E-905C67A1461D}.Release|x64.Build.0 = Release|x64
		{F6B35951-F15D-4D38-9C5E-905C67A1461D}.Release|x86.ActiveCfg = Release|x86
		{F6B35951-F15D-4D38-9C5E-905C67A1461D}.Release|x86.Build.0 = Release|x86
		{156D6B38-E40D-4CEA-B49B-A2B999442FE2}.Debug|Any CPU.ActiveCfg = Debug|Any CPU
		{156D6B38-E40D-4CEA-B49B-A2B999442FE2}.Debug|Any CPU.Build.0 = Debug|Any CPU
		{156D6B38-E40D-4CEA-B49B-A2B999442FE2}.Debug|ARM.ActiveCfg = Debug|ARM
		{156D6B38-E40D-4CEA-B49B-A2B999442FE2}.Debug|ARM.Build.0 = Debug|ARM
		{156D6B38-E40D-4CEA-B49B-A2B999442FE2}.Debug|x64.ActiveCfg = Debug|x64
		{156D6B38-E40D-4CEA-B49B-A2B999442FE2}.Debug|x64.Build.0 = Debug|x64
		{156D6B38-E40D-4CEA-B49B-A2B999442FE2}.Debug|x86.ActiveCfg = Debug|x86
		{156D6B38-E40D-4CEA-B49B-A2B999442FE2}.Debug|x86.Build.0 = Debug|x86
		{156D6B38-E40D-4CEA-B49B-A2B999442FE2}.Release|Any CPU.ActiveCfg = Release|Any CPU
		{156D6B38-E40D-4CEA-B49B-A2B999442FE2}.Release|Any CPU.Build.0 = Release|Any CPU
		{156D6B38-E40D-4CEA-B49B-A2B999442FE2}.Release|ARM.ActiveCfg = Release|ARM
		{156D6B38-E40D-4CEA-B49B-A2B999442FE2}.Release|ARM.Build.0 = Release|ARM
		{156D6B38-E40D-4CEA-B49B-A2B999442FE2}.Release|x64.ActiveCfg = Release|x64
		{156D6B38-E40D-4CEA-B49B-A2B999442FE2}.Release|x64.Build.0 = Release|x64
		{156D6B38-E40D-4CEA-B49B-A2B999442FE2}.Release|x86.ActiveCfg = Release|x86
		{156D6B38-E40D-4CEA-B49B-A2B999442FE2}.Release|x86.Build.0 = Release|x86
		{25C85156-1103-42B6-B109-801A906F3A70}.Debug|Any CPU.ActiveCfg = Debug|Any CPU
		{25C85156-1103-42B6-B109-801A906F3A70}.Debug|Any CPU.Build.0 = Debug|Any CPU
		{25C85156-1103-42B6-B109-801A906F3A70}.Debug|ARM.ActiveCfg = Debug|ARM
		{25C85156-1103-42B6-B109-801A906F3A70}.Debug|ARM.Build.0 = Debug|ARM
		{25C85156-1103-42B6-B109-801A906F3A70}.Debug|x64.ActiveCfg = Debug|x64
		{25C85156-1103-42B6-B109-801A906F3A70}.Debug|x64.Build.0 = Debug|x64
		{25C85156-1103-42B6-B109-801A906F3A70}.Debug|x86.ActiveCfg = Debug|x86
		{25C85156-1103-42B6-B109-801A906F3A70}.Debug|x86.Build.0 = Debug|x86
		{25C85156-1103-42B6-B109-801A906F3A70}.Release|Any CPU.ActiveCfg = Release|Any CPU
		{25C85156-1103-42B6-B109-801A906F3A70}.Release|Any CPU.Build.0 = Release|Any CPU
		{25C85156-1103-42B6-B109-801A906F3A70}.Release|ARM.ActiveCfg = Release|ARM
		{25C85156-1103-42B6-B109-801A906F3A70}.Release|ARM.Build.0 = Release|ARM
		{25C85156-1103-42B6-B109-801A906F3A70}.Release|x64.ActiveCfg = Release|x64
		{25C85156-1103-42B6-B109-801A906F3A70}.Release|x64.Build.0 = Release|x64
		{25C85156-1103-42B6-B109-801A906F3A70}.Release|x86.ActiveCfg = Release|x86
		{25C85156-1103-42B6-B109-801A906F3A70}.Release|x86.Build.0 = Release|x86
		{019D0294-7F25-4FA6-8AC9-2789C76AA140}.Debug|Any CPU.ActiveCfg = Debug|Any CPU
		{019D0294-7F25-4FA6-8AC9-2789C76AA140}.Debug|Any CPU.Build.0 = Debug|Any CPU
		{019D0294-7F25-4FA6-8AC9-2789C76AA140}.Debug|ARM.ActiveCfg = Debug|ARM
		{019D0294-7F25-4FA6-8AC9-2789C76AA140}.Debug|ARM.Build.0 = Debug|ARM
		{019D0294-7F25-4FA6-8AC9-2789C76AA140}.Debug|x64.ActiveCfg = Debug|x64
		{019D0294-7F25-4FA6-8AC9-2789C76AA140}.Debug|x64.Build.0 = Debug|x64
		{019D0294-7F25-4FA6-8AC9-2789C76AA140}.Debug|x86.ActiveCfg = Debug|x86
		{019D0294-7F25-4FA6-8AC9-2789C76AA140}.Debug|x86.Build.0 = Debug|x86
		{019D0294-7F25-4FA6-8AC9-2789C76AA140}.Release|Any CPU.ActiveCfg = Release|Any CPU
		{019D0294-7F25-4FA6-8AC9-2789C76AA140}.Release|Any CPU.Build.0 = Release|Any CPU
		{019D0294-7F25-4FA6-8AC9-2789C76AA140}.Release|ARM.ActiveCfg = Release|ARM
		{019D0294-7F25-4FA6-8AC9-2789C76AA140}.Release|ARM.Build.0 = Release|ARM
		{019D0294-7F25-4FA6-8AC9-2789C76AA140}.Release|x64.ActiveCfg = Release|x64
		{019D0294-7F25-4FA6-8AC9-2789C76AA140}.Release|x64.Build.0 = Release|x64
		{019D0294-7F25-4FA6-8AC9-2789C76AA140}.Release|x86.ActiveCfg = Release|x86
		{019D0294-7F25-4FA6-8AC9-2789C76AA140}.Release|x86.Build.0 = Release|x86
	EndGlobalSection
	GlobalSection(SolutionProperties) = preSolution
		HideSolutionNode = FALSE
	EndGlobalSection
	GlobalSection(NestedProjects) = preSolution
		{84084707-B29C-46FE-9C36-900D6B6CAFC2} = {CD03EC3E-0DF1-4A73-BD08-13FAA7D738EC}
		{9746F648-DB44-4B44-A501-D4C5FD6B33AB} = {22A625C2-A9A6-4023-BC2B-F5BF1148CDB2}
		{9E5DE9E2-52B4-463A-9ECE-5E4B03C993AA} = {A414D4DD-C37A-4B03-9E46-254948285B49}
		{F7635F32-1DAE-4455-A858-66D5C921A9FA} = {A414D4DD-C37A-4B03-9E46-254948285B49}
		{6959290C-FFC7-4FE3-A6AD-D1A99736A23B} = {A414D4DD-C37A-4B03-9E46-254948285B49}
		{15C048DC-D9B6-4DAB-BEBD-2CC40938C77C} = {A414D4DD-C37A-4B03-9E46-254948285B49}
		{F6B35951-F15D-4D38-9C5E-905C67A1461D} = {A414D4DD-C37A-4B03-9E46-254948285B49}
		{156D6B38-E40D-4CEA-B49B-A2B999442FE2} = {A414D4DD-C37A-4B03-9E46-254948285B49}
		{25C85156-1103-42B6-B109-801A906F3A70} = {22A625C2-A9A6-4023-BC2B-F5BF1148CDB2}
		{019D0294-7F25-4FA6-8AC9-2789C76AA140} = {22A625C2-A9A6-4023-BC2B-F5BF1148CDB2}
	EndGlobalSection
EndGlobal
