
Microsoft Visual Studio Solution File, Format Version 12.00
# Visual Studio 14
VisualStudioVersion = 14.0.22823.1
MinimumVisualStudioVersion = 10.0.40219.1
Project("{FAE04EC0-301F-11D3-BF4B-00C04F79EFBC}") = "RTMClient", "RTMClient\RTMClient.csproj", "{3AA67794-9D11-4253-87D8-50CEEAAD7A2E}"
EndProject
Project("{FAE04EC0-301F-11D3-BF4B-00C04F79EFBC}") = "RTMClient.Camera.WebClient", "RTMClient.WebClient\RTMClient.Camera.WebClient.csproj", "{20957282-4C75-4EC5-AEA0-8A2502DF5054}"
EndProject
Project("{FAE04EC0-301F-11D3-BF4B-00C04F79EFBC}") = "RTMClient.Camera.Device", "RTMClient.Camera.Controller\RTMClient.Camera.Device.csproj", "{5DF953E8-0F7E-49A9-A691-50375E0BB773}"
EndProject
Project("{FAE04EC0-301F-11D3-BF4B-00C04F79EFBC}") = "RTMClient.Camera.Module.Configuration", "RTMClient.Camera.Configuration\RTMClient.Camera.Module.Configuration.csproj", "{DFD6B7F4-03E4-4626-B478-543687F467E6}"
EndProject
Project("{FAE04EC0-301F-11D3-BF4B-00C04F79EFBC}") = "RTMClient.Camera.Module", "RTMClient.Camera.Module\RTMClient.Camera.Module.csproj", "{8ADFE4C4-F0AE-4786-9C6C-75D0F371B363}"
EndProject
Project("{2150E333-8FDC-42A3-9474-1A3956D46DE8}") = "Camera", "Camera", "{7DB210C1-53DE-489F-A481-F20C643E1CD7}"
EndProject
Project("{2150E333-8FDC-42A3-9474-1A3956D46DE8}") = "Shell", "Shell", "{DC8606CE-52B9-40C3-9F04-E4D14B50FB6C}"
EndProject
Project("{2150E333-8FDC-42A3-9474-1A3956D46DE8}") = "Module", "Module", "{DB196DF3-1164-4397-A00A-B169FD900ECF}"
EndProject
Project("{FAE04EC0-301F-11D3-BF4B-00C04F79EFBC}") = "RTMClient.Camera.StreamingService", "RTMClient.Camera.ImageSender\RTMClient.Camera.StreamingService.csproj", "{CAC6F9CE-96E9-46FD-9480-905FF7C10DD6}"
EndProject
Project("{FAE04EC0-301F-11D3-BF4B-00C04F79EFBC}") = "RTMClient.Camera.Encoder", "RTMClient.Camera.Encoder\RTMClient.Camera.Encoder.csproj", "{C2CE9ED0-338B-44E5-90D2-4C0F23989A99}"
EndProject
Project("{FAE04EC0-301F-11D3-BF4B-00C04F79EFBC}") = "RTMClient.Module", "RTMClient.Module\RTMClient.Module.csproj", "{C51B4376-355F-4B54-B665-76B55520D0C0}"
EndProject
Global
	GlobalSection(SolutionConfigurationPlatforms) = preSolution
		Debug|Any CPU = Debug|Any CPU
		Debug|ARM = Debug|ARM
		Debug|x64 = Debug|x64
		Debug|x86 = Debug|x86
		Release|Any CPU = Release|Any CPU
		Release|ARM = Release|ARM
		Release|x64 = Release|x64
		Release|x86 = Release|x86
	EndGlobalSection
	GlobalSection(ProjectConfigurationPlatforms) = postSolution
		{3AA67794-9D11-4253-87D8-50CEEAAD7A2E}.Debug|Any CPU.ActiveCfg = Debug|x86
		{3AA67794-9D11-4253-87D8-50CEEAAD7A2E}.Debug|ARM.ActiveCfg = Debug|ARM
		{3AA67794-9D11-4253-87D8-50CEEAAD7A2E}.Debug|ARM.Build.0 = Debug|ARM
		{3AA67794-9D11-4253-87D8-50CEEAAD7A2E}.Debug|ARM.Deploy.0 = Debug|ARM
		{3AA67794-9D11-4253-87D8-50CEEAAD7A2E}.Debug|x64.ActiveCfg = Debug|x64
		{3AA67794-9D11-4253-87D8-50CEEAAD7A2E}.Debug|x64.Build.0 = Debug|x64
		{3AA67794-9D11-4253-87D8-50CEEAAD7A2E}.Debug|x64.Deploy.0 = Debug|x64
		{3AA67794-9D11-4253-87D8-50CEEAAD7A2E}.Debug|x86.ActiveCfg = Debug|x86
		{3AA67794-9D11-4253-87D8-50CEEAAD7A2E}.Debug|x86.Build.0 = Debug|x86
		{3AA67794-9D11-4253-87D8-50CEEAAD7A2E}.Debug|x86.Deploy.0 = Debug|x86
		{3AA67794-9D11-4253-87D8-50CEEAAD7A2E}.Release|Any CPU.ActiveCfg = Release|x86
		{3AA67794-9D11-4253-87D8-50CEEAAD7A2E}.Release|ARM.ActiveCfg = Release|ARM
		{3AA67794-9D11-4253-87D8-50CEEAAD7A2E}.Release|ARM.Build.0 = Release|ARM
		{3AA67794-9D11-4253-87D8-50CEEAAD7A2E}.Release|ARM.Deploy.0 = Release|ARM
		{3AA67794-9D11-4253-87D8-50CEEAAD7A2E}.Release|x64.ActiveCfg = Release|x64
		{3AA67794-9D11-4253-87D8-50CEEAAD7A2E}.Release|x64.Build.0 = Release|x64
		{3AA67794-9D11-4253-87D8-50CEEAAD7A2E}.Release|x64.Deploy.0 = Release|x64
		{3AA67794-9D11-4253-87D8-50CEEAAD7A2E}.Release|x86.ActiveCfg = Release|x86
		{3AA67794-9D11-4253-87D8-50CEEAAD7A2E}.Release|x86.Build.0 = Release|x86
		{3AA67794-9D11-4253-87D8-50CEEAAD7A2E}.Release|x86.Deploy.0 = Release|x86
		{20957282-4C75-4EC5-AEA0-8A2502DF5054}.Debug|Any CPU.ActiveCfg = Debug|Any CPU
		{20957282-4C75-4EC5-AEA0-8A2502DF5054}.Debug|Any CPU.Build.0 = Debug|Any CPU
		{20957282-4C75-4EC5-AEA0-8A2502DF5054}.Debug|ARM.ActiveCfg = Debug|ARM
		{20957282-4C75-4EC5-AEA0-8A2502DF5054}.Debug|ARM.Build.0 = Debug|ARM
		{20957282-4C75-4EC5-AEA0-8A2502DF5054}.Debug|x64.ActiveCfg = Debug|x64
		{20957282-4C75-4EC5-AEA0-8A2502DF5054}.Debug|x64.Build.0 = Debug|x64
		{20957282-4C75-4EC5-AEA0-8A2502DF5054}.Debug|x86.ActiveCfg = Debug|x86
		{20957282-4C75-4EC5-AEA0-8A2502DF5054}.Debug|x86.Build.0 = Debug|x86
		{20957282-4C75-4EC5-AEA0-8A2502DF5054}.Release|Any CPU.ActiveCfg = Release|Any CPU
		{20957282-4C75-4EC5-AEA0-8A2502DF5054}.Release|Any CPU.Build.0 = Release|Any CPU
		{20957282-4C75-4EC5-AEA0-8A2502DF5054}.Release|ARM.ActiveCfg = Release|ARM
		{20957282-4C75-4EC5-AEA0-8A2502DF5054}.Release|ARM.Build.0 = Release|ARM
		{20957282-4C75-4EC5-AEA0-8A2502DF5054}.Release|x64.ActiveCfg = Release|x64
		{20957282-4C75-4EC5-AEA0-8A2502DF5054}.Release|x64.Build.0 = Release|x64
		{20957282-4C75-4EC5-AEA0-8A2502DF5054}.Release|x86.ActiveCfg = Release|x86
		{20957282-4C75-4EC5-AEA0-8A2502DF5054}.Release|x86.Build.0 = Release|x86
		{5DF953E8-0F7E-49A9-A691-50375E0BB773}.Debug|Any CPU.ActiveCfg = Debug|Any CPU
		{5DF953E8-0F7E-49A9-A691-50375E0BB773}.Debug|Any CPU.Build.0 = Debug|Any CPU
		{5DF953E8-0F7E-49A9-A691-50375E0BB773}.Debug|ARM.ActiveCfg = Debug|ARM
		{5DF953E8-0F7E-49A9-A691-50375E0BB773}.Debug|ARM.Build.0 = Debug|ARM
		{5DF953E8-0F7E-49A9-A691-50375E0BB773}.Debug|x64.ActiveCfg = Debug|x64
		{5DF953E8-0F7E-49A9-A691-50375E0BB773}.Debug|x64.Build.0 = Debug|x64
		{5DF953E8-0F7E-49A9-A691-50375E0BB773}.Debug|x86.ActiveCfg = Debug|x86
		{5DF953E8-0F7E-49A9-A691-50375E0BB773}.Debug|x86.Build.0 = Debug|x86
		{5DF953E8-0F7E-49A9-A691-50375E0BB773}.Release|Any CPU.ActiveCfg = Release|Any CPU
		{5DF953E8-0F7E-49A9-A691-50375E0BB773}.Release|Any CPU.Build.0 = Release|Any CPU
		{5DF953E8-0F7E-49A9-A691-50375E0BB773}.Release|ARM.ActiveCfg = Release|ARM
		{5DF953E8-0F7E-49A9-A691-50375E0BB773}.Release|ARM.Build.0 = Release|ARM
		{5DF953E8-0F7E-49A9-A691-50375E0BB773}.Release|x64.ActiveCfg = Release|x64
		{5DF953E8-0F7E-49A9-A691-50375E0BB773}.Release|x64.Build.0 = Release|x64
		{5DF953E8-0F7E-49A9-A691-50375E0BB773}.Release|x86.ActiveCfg = Release|x86
		{5DF953E8-0F7E-49A9-A691-50375E0BB773}.Release|x86.Build.0 = Release|x86
		{DFD6B7F4-03E4-4626-B478-543687F467E6}.Debug|Any CPU.ActiveCfg = Debug|Any CPU
		{DFD6B7F4-03E4-4626-B478-543687F467E6}.Debug|Any CPU.Build.0 = Debug|Any CPU
		{DFD6B7F4-03E4-4626-B478-543687F467E6}.Debug|ARM.ActiveCfg = Debug|ARM
		{DFD6B7F4-03E4-4626-B478-543687F467E6}.Debug|ARM.Build.0 = Debug|ARM
		{DFD6B7F4-03E4-4626-B478-543687F467E6}.Debug|x64.ActiveCfg = Debug|x64
		{DFD6B7F4-03E4-4626-B478-543687F467E6}.Debug|x64.Build.0 = Debug|x64
		{DFD6B7F4-03E4-4626-B478-543687F467E6}.Debug|x86.ActiveCfg = Debug|x86
		{DFD6B7F4-03E4-4626-B478-543687F467E6}.Debug|x86.Build.0 = Debug|x86
		{DFD6B7F4-03E4-4626-B478-543687F467E6}.Release|Any CPU.ActiveCfg = Release|Any CPU
		{DFD6B7F4-03E4-4626-B478-543687F467E6}.Release|Any CPU.Build.0 = Release|Any CPU
		{DFD6B7F4-03E4-4626-B478-543687F467E6}.Release|ARM.ActiveCfg = Release|ARM
		{DFD6B7F4-03E4-4626-B478-543687F467E6}.Release|ARM.Build.0 = Release|ARM
		{DFD6B7F4-03E4-4626-B478-543687F467E6}.Release|x64.ActiveCfg = Release|x64
		{DFD6B7F4-03E4-4626-B478-543687F467E6}.Release|x64.Build.0 = Release|x64
		{DFD6B7F4-03E4-4626-B478-543687F467E6}.Release|x86.ActiveCfg = Release|x86
		{DFD6B7F4-03E4-4626-B478-543687F467E6}.Release|x86.Build.0 = Release|x86
		{8ADFE4C4-F0AE-4786-9C6C-75D0F371B363}.Debug|Any CPU.ActiveCfg = Debug|Any CPU
		{8ADFE4C4-F0AE-4786-9C6C-75D0F371B363}.Debug|Any CPU.Build.0 = Debug|Any CPU
		{8ADFE4C4-F0AE-4786-9C6C-75D0F371B363}.Debug|ARM.ActiveCfg = Debug|ARM
		{8ADFE4C4-F0AE-4786-9C6C-75D0F371B363}.Debug|ARM.Build.0 = Debug|ARM
		{8ADFE4C4-F0AE-4786-9C6C-75D0F371B363}.Debug|x64.ActiveCfg = Debug|x64
		{8ADFE4C4-F0AE-4786-9C6C-75D0F371B363}.Debug|x64.Build.0 = Debug|x64
		{8ADFE4C4-F0AE-4786-9C6C-75D0F371B363}.Debug|x86.ActiveCfg = Debug|x86
		{8ADFE4C4-F0AE-4786-9C6C-75D0F371B363}.Debug|x86.Build.0 = Debug|x86
		{8ADFE4C4-F0AE-4786-9C6C-75D0F371B363}.Release|Any CPU.ActiveCfg = Release|Any CPU
		{8ADFE4C4-F0AE-4786-9C6C-75D0F371B363}.Release|Any CPU.Build.0 = Release|Any CPU
		{8ADFE4C4-F0AE-4786-9C6C-75D0F371B363}.Release|ARM.ActiveCfg = Release|ARM
		{8ADFE4C4-F0AE-4786-9C6C-75D0F371B363}.Release|ARM.Build.0 = Release|ARM
		{8ADFE4C4-F0AE-4786-9C6C-75D0F371B363}.Release|x64.ActiveCfg = Release|x64
		{8ADFE4C4-F0AE-4786-9C6C-75D0F371B363}.Release|x64.Build.0 = Release|x64
		{8ADFE4C4-F0AE-4786-9C6C-75D0F371B363}.Release|x86.ActiveCfg = Release|x86
		{8ADFE4C4-F0AE-4786-9C6C-75D0F371B363}.Release|x86.Build.0 = Release|x86
		{CAC6F9CE-96E9-46FD-9480-905FF7C10DD6}.Debug|Any CPU.ActiveCfg = Debug|Any CPU
		{CAC6F9CE-96E9-46FD-9480-905FF7C10DD6}.Debug|Any CPU.Build.0 = Debug|Any CPU
		{CAC6F9CE-96E9-46FD-9480-905FF7C10DD6}.Debug|ARM.ActiveCfg = Debug|ARM
		{CAC6F9CE-96E9-46FD-9480-905FF7C10DD6}.Debug|ARM.Build.0 = Debug|ARM
		{CAC6F9CE-96E9-46FD-9480-905FF7C10DD6}.Debug|x64.ActiveCfg = Debug|x64
		{CAC6F9CE-96E9-46FD-9480-905FF7C10DD6}.Debug|x64.Build.0 = Debug|x64
		{CAC6F9CE-96E9-46FD-9480-905FF7C10DD6}.Debug|x86.ActiveCfg = Debug|x86
		{CAC6F9CE-96E9-46FD-9480-905FF7C10DD6}.Debug|x86.Build.0 = Debug|x86
		{CAC6F9CE-96E9-46FD-9480-905FF7C10DD6}.Release|Any CPU.ActiveCfg = Release|Any CPU
		{CAC6F9CE-96E9-46FD-9480-905FF7C10DD6}.Release|Any CPU.Build.0 = Release|Any CPU
		{CAC6F9CE-96E9-46FD-9480-905FF7C10DD6}.Release|ARM.ActiveCfg = Release|ARM
		{CAC6F9CE-96E9-46FD-9480-905FF7C10DD6}.Release|ARM.Build.0 = Release|ARM
		{CAC6F9CE-96E9-46FD-9480-905FF7C10DD6}.Release|x64.ActiveCfg = Release|x64
		{CAC6F9CE-96E9-46FD-9480-905FF7C10DD6}.Release|x64.Build.0 = Release|x64
		{CAC6F9CE-96E9-46FD-9480-905FF7C10DD6}.Release|x86.ActiveCfg = Release|x86
		{CAC6F9CE-96E9-46FD-9480-905FF7C10DD6}.Release|x86.Build.0 = Release|x86
		{C2CE9ED0-338B-44E5-90D2-4C0F23989A99}.Debug|Any CPU.ActiveCfg = Debug|Any CPU
		{C2CE9ED0-338B-44E5-90D2-4C0F23989A99}.Debug|Any CPU.Build.0 = Debug|Any CPU
		{C2CE9ED0-338B-44E5-90D2-4C0F23989A99}.Debug|ARM.ActiveCfg = Debug|ARM
		{C2CE9ED0-338B-44E5-90D2-4C0F23989A99}.Debug|ARM.Build.0 = Debug|ARM
		{C2CE9ED0-338B-44E5-90D2-4C0F23989A99}.Debug|x64.ActiveCfg = Debug|x64
		{C2CE9ED0-338B-44E5-90D2-4C0F23989A99}.Debug|x64.Build.0 = Debug|x64
		{C2CE9ED0-338B-44E5-90D2-4C0F23989A99}.Debug|x86.ActiveCfg = Debug|x86
		{C2CE9ED0-338B-44E5-90D2-4C0F23989A99}.Debug|x86.Build.0 = Debug|x86
		{C2CE9ED0-338B-44E5-90D2-4C0F23989A99}.Release|Any CPU.ActiveCfg = Release|Any CPU
		{C2CE9ED0-338B-44E5-90D2-4C0F23989A99}.Release|Any CPU.Build.0 = Release|Any CPU
		{C2CE9ED0-338B-44E5-90D2-4C0F23989A99}.Release|ARM.ActiveCfg = Release|ARM
		{C2CE9ED0-338B-44E5-90D2-4C0F23989A99}.Release|ARM.Build.0 = Release|ARM
		{C2CE9ED0-338B-44E5-90D2-4C0F23989A99}.Release|x64.ActiveCfg = Release|x64
		{C2CE9ED0-338B-44E5-90D2-4C0F23989A99}.Release|x64.Build.0 = Release|x64
		{C2CE9ED0-338B-44E5-90D2-4C0F23989A99}.Release|x86.ActiveCfg = Release|x86
		{C2CE9ED0-338B-44E5-90D2-4C0F23989A99}.Release|x86.Build.0 = Release|x86
		{C51B4376-355F-4B54-B665-76B55520D0C0}.Debug|Any CPU.ActiveCfg = Debug|Any CPU
		{C51B4376-355F-4B54-B665-76B55520D0C0}.Debug|Any CPU.Build.0 = Debug|Any CPU
		{C51B4376-355F-4B54-B665-76B55520D0C0}.Debug|ARM.ActiveCfg = Debug|ARM
		{C51B4376-355F-4B54-B665-76B55520D0C0}.Debug|ARM.Build.0 = Debug|ARM
		{C51B4376-355F-4B54-B665-76B55520D0C0}.Debug|x64.ActiveCfg = Debug|x64
		{C51B4376-355F-4B54-B665-76B55520D0C0}.Debug|x64.Build.0 = Debug|x64
		{C51B4376-355F-4B54-B665-76B55520D0C0}.Debug|x86.ActiveCfg = Debug|x86
		{C51B4376-355F-4B54-B665-76B55520D0C0}.Debug|x86.Build.0 = Debug|x86
		{C51B4376-355F-4B54-B665-76B55520D0C0}.Release|Any CPU.ActiveCfg = Release|Any CPU
		{C51B4376-355F-4B54-B665-76B55520D0C0}.Release|Any CPU.Build.0 = Release|Any CPU
		{C51B4376-355F-4B54-B665-76B55520D0C0}.Release|ARM.ActiveCfg = Release|ARM
		{C51B4376-355F-4B54-B665-76B55520D0C0}.Release|ARM.Build.0 = Release|ARM
		{C51B4376-355F-4B54-B665-76B55520D0C0}.Release|x64.ActiveCfg = Release|x64
		{C51B4376-355F-4B54-B665-76B55520D0C0}.Release|x64.Build.0 = Release|x64
		{C51B4376-355F-4B54-B665-76B55520D0C0}.Release|x86.ActiveCfg = Release|x86
		{C51B4376-355F-4B54-B665-76B55520D0C0}.Release|x86.Build.0 = Release|x86
	EndGlobalSection
	GlobalSection(SolutionProperties) = preSolution
		HideSolutionNode = FALSE
	EndGlobalSection
	GlobalSection(NestedProjects) = preSolution
		{3AA67794-9D11-4253-87D8-50CEEAAD7A2E} = {DC8606CE-52B9-40C3-9F04-E4D14B50FB6C}
		{20957282-4C75-4EC5-AEA0-8A2502DF5054} = {7DB210C1-53DE-489F-A481-F20C643E1CD7}
		{5DF953E8-0F7E-49A9-A691-50375E0BB773} = {7DB210C1-53DE-489F-A481-F20C643E1CD7}
		{DFD6B7F4-03E4-4626-B478-543687F467E6} = {7DB210C1-53DE-489F-A481-F20C643E1CD7}
		{8ADFE4C4-F0AE-4786-9C6C-75D0F371B363} = {7DB210C1-53DE-489F-A481-F20C643E1CD7}
		{CAC6F9CE-96E9-46FD-9480-905FF7C10DD6} = {7DB210C1-53DE-489F-A481-F20C643E1CD7}
		{C2CE9ED0-338B-44E5-90D2-4C0F23989A99} = {7DB210C1-53DE-489F-A481-F20C643E1CD7}
		{C51B4376-355F-4B54-B665-76B55520D0C0} = {DB196DF3-1164-4397-A00A-B169FD900ECF}
	EndGlobalSection
EndGlobal
